
Microsoft Visual Studio Solution File, Format Version 12.00
# Visual Studio Version 16
VisualStudioVersion = 16.0.29503.13
MinimumVisualStudioVersion = 10.0.40219.1
Project("{9A19103F-16F7-4668-BE54-9A1E7A4F7556}") = "syslogListener", "syslogListener\syslogListener.csproj", "{C9A5CC54-97E4-4704-86EC-5E4EDED9DED1}"
EndProject
Project("{9A19103F-16F7-4668-BE54-9A1E7A4F7556}") = "syslogSite", "syslogSite\syslogSite.csproj", "{928009D1-D11A-4F18-99E1-8DD28AF0BDCC}"
EndProject
Project("{9A19103F-16F7-4668-BE54-9A1E7A4F7556}") = "SyslogShared", "SyslogShared\SyslogShared.csproj", "{DEE6A4F6-C6B8-4762-97D8-DBE2C6B2C0A4}"
EndProject
Global
	GlobalSection(SolutionConfigurationPlatforms) = preSolution
		Debug|Any CPU = Debug|Any CPU
		Release|Any CPU = Release|Any CPU
	EndGlobalSection
	GlobalSection(ProjectConfigurationPlatforms) = postSolution
		{C9A5CC54-97E4-4704-86EC-5E4EDED9DED1}.Debug|Any CPU.ActiveCfg = Debug|Any CPU
		{C9A5CC54-97E4-4704-86EC-5E4EDED9DED1}.Debug|Any CPU.Build.0 = Debug|Any CPU
		{C9A5CC54-97E4-4704-86EC-5E4EDED9DED1}.Release|Any CPU.ActiveCfg = Release|Any CPU
		{C9A5CC54-97E4-4704-86EC-5E4EDED9DED1}.Release|Any CPU.Build.0 = Release|Any CPU
		{928009D1-D11A-4F18-99E1-8DD28AF0BDCC}.Debug|Any CPU.ActiveCfg = Debug|Any CPU
		{928009D1-D11A-4F18-99E1-8DD28AF0BDCC}.Debug|Any CPU.Build.0 = Debug|Any CPU
		{928009D1-D11A-4F18-99E1-8DD28AF0BDCC}.Release|Any CPU.ActiveCfg = Release|Any CPU
		{928009D1-D11A-4F18-99E1-8DD28AF0BDCC}.Release|Any CPU.Build.0 = Release|Any CPU
		{DEE6A4F6-C6B8-4762-97D8-DBE2C6B2C0A4}.Debug|Any CPU.ActiveCfg = Debug|Any CPU
		{DEE6A4F6-C6B8-4762-97D8-DBE2C6B2C0A4}.Debug|Any CPU.Build.0 = Debug|Any CPU
		{DEE6A4F6-C6B8-4762-97D8-DBE2C6B2C0A4}.Release|Any CPU.ActiveCfg = Release|Any CPU
		{DEE6A4F6-C6B8-4762-97D8-DBE2C6B2C0A4}.Release|Any CPU.Build.0 = Release|Any CPU
	EndGlobalSection
	GlobalSection(SolutionProperties) = preSolution
		HideSolutionNode = FALSE
	EndGlobalSection
	GlobalSection(ExtensibilityGlobals) = postSolution
		SolutionGuid = {2E19EC19-EA67-430C-9626-194F7CFB6DA4}
	EndGlobalSection
EndGlobal
